{
  "name": "ngx-translate-demo",
  "lockfileVersion": 3,
  "requires": true,
  "packages": {
    "": {
      "dependencies": {
        "ngx-translate-messageformat-compiler": "^7.1.0"
      }
    },
    "node_modules/@angular/common": {
      "version": "20.1.4",
      "resolved": "https://registry.npmjs.org/@angular/common/-/common-20.1.4.tgz",
      "integrity": "sha512-AL+HdsY5xL2iM1zZ55ce33U+w2LgPJZQwKvHXJJ/Hpk3rpFNamWtRPmJBeq8Z0dQV1lLTMM+2pUatH6p+5pvEg==",
      "license": "MIT",
      "peer": true,
      "dependencies": {
        "tslib": "^2.3.0"
      },
      "engines": {
        "node": "^20.19.0 || ^22.12.0 || >=24.0.0"
      },
      "peerDependencies": {
        "@angular/core": "20.1.4",
        "rxjs": "^6.5.3 || ^7.4.0"
      }
    },
    "node_modules/@angular/core": {
      "version": "20.1.4",
      "resolved": "https://registry.npmjs.org/@angular/core/-/core-20.1.4.tgz",
      "integrity": "sha512-aWDux64a9usuVU2SnF0epqjXAj8JO8jViUzZAJAuFKSCtkeNzqP+Z6DjkqsCKrNvGP7xkX1XhhepUygxgh7/6A==",
      "license": "MIT",
      "peer": true,
      "dependencies": {
        "tslib": "^2.3.0"
      },
      "engines": {
        "node": "^20.19.0 || ^22.12.0 || >=24.0.0"
      },
      "peerDependencies": {
        "@angular/compiler": "20.1.4",
        "rxjs": "^6.5.3 || ^7.4.0",
        "zone.js": "~0.15.0"
      },
      "peerDependenciesMeta": {
        "@angular/compiler": {
          "optional": true
        },
        "zone.js": {
          "optional": true
        }
      }
    },
    "node_modules/@messageformat/core": {
      "version": "3.4.0",
      "resolved": "https://registry.npmjs.org/@messageformat/core/-/core-3.4.0.tgz",
      "integrity": "sha512-NgCFubFFIdMWJGN5WuQhHCNmzk7QgiVfrViFxcS99j7F5dDS5EP6raR54I+2ydhe4+5/XTn/YIEppFaqqVWHsw==",
      "license": "MIT",
      "peer": true,
      "dependencies": {
        "@messageformat/date-skeleton": "^1.0.0",
        "@messageformat/number-skeleton": "^1.0.0",
        "@messageformat/parser": "^5.1.0",
        "@messageformat/runtime": "^3.0.1",
        "make-plural": "^7.0.0",
        "safe-identifier": "^0.4.1"
      }
    },
    "node_modules/@messageformat/date-skeleton": {
      "version": "1.1.0",
      "resolved": "https://registry.npmjs.org/@messageformat/date-skeleton/-/date-skeleton-1.1.0.tgz",
      "integrity": "sha512-rmGAfB1tIPER+gh3p/RgA+PVeRE/gxuQ2w4snFWPF5xtb5mbWR7Cbw7wCOftcUypbD6HVoxrVdyyghPm3WzP5A==",
      "license": "MIT",
      "peer": true
    },
    "node_modules/@messageformat/number-skeleton": {
      "version": "1.2.0",
      "resolved": "https://registry.npmjs.org/@messageformat/number-skeleton/-/number-skeleton-1.2.0.tgz",
      "integrity": "sha512-xsgwcL7J7WhlHJ3RNbaVgssaIwcEyFkBqxHdcdaiJzwTZAWEOD8BuUFxnxV9k5S0qHN3v/KzUpq0IUpjH1seRg==",
      "license": "MIT",
      "peer": true
    },
    "node_modules/@messageformat/parser": {
      "version": "5.1.1",
      "resolved": "https://registry.npmjs.org/@messageformat/parser/-/parser-5.1.1.tgz",
      "integrity": "sha512-3p0YRGCcTUCYvBKLIxtDDyrJ0YijGIwrTRu1DT8gIviIDZru8H23+FkY6MJBzM1n9n20CiM4VeDYuBsrrwnLjg==",
      "license": "MIT",
      "peer": true,
      "dependencies": {
        "moo": "^0.5.1"
      }
    },
    "node_modules/@messageformat/runtime": {
      "version": "3.0.1",
      "resolved": "https://registry.npmjs.org/@messageformat/runtime/-/runtime-3.0.1.tgz",
      "integrity": "sha512-6RU5ol2lDtO8bD9Yxe6CZkl0DArdv0qkuoZC+ZwowU+cdRlVE1157wjCmlA5Rsf1Xc/brACnsZa5PZpEDfTFFg==",
      "license": "MIT",
      "peer": true,
      "dependencies": {
        "make-plural": "^7.0.0"
      }
    },
    "node_modules/@ngx-translate/core": {
      "version": "16.0.4",
      "resolved": "https://registry.npmjs.org/@ngx-translate/core/-/core-16.0.4.tgz",
      "integrity": "sha512-s8llTL2SJvROhqttxvEs7Cg+6qSf4kvZPFYO+cTOY1d8DWTjlutRkWAleZcPPoeX927Dm7ALfL07G7oYDJ7z6w==",
      "license": "MIT",
      "peer": true,
      "dependencies": {
        "tslib": "^2.3.0"
      },
      "peerDependencies": {
        "@angular/common": ">=16",
        "@angular/core": ">=16"
      }
    },
    "node_modules/make-plural": {
      "version": "7.4.0",
      "resolved": "https://registry.npmjs.org/make-plural/-/make-plural-7.4.0.tgz",
      "integrity": "sha512-4/gC9KVNTV6pvYg2gFeQYTW3mWaoJt7WZE5vrp1KnQDgW92JtYZnzmZT81oj/dUTqAIu0ufI2x3dkgu3bB1tYg==",
      "license": "Unicode-DFS-2016",
      "peer": true
    },
    "node_modules/moo": {
      "version": "0.5.2",
      "resolved": "https://registry.npmjs.org/moo/-/moo-0.5.2.tgz",
      "integrity": "sha512-iSAJLHYKnX41mKcJKjqvnAN9sf0LMDTXDEvFv+ffuRR9a1MIuXLjMNL6EsnDHSkKLTWNqQQ5uo61P4EbU4NU+Q==",
      "license": "BSD-3-Clause",
      "peer": true
    },
    "node_modules/ngx-translate-messageformat-compiler": {
      "version": "7.1.0",
      "resolved": "https://registry.npmjs.org/ngx-translate-messageformat-compiler/-/ngx-translate-messageformat-compiler-7.1.0.tgz",
      "integrity": "sha512-L6N86QNv7J5QEg6AZnisnKMgysE7yAD8ZYerxSRWdR9i/Nqn3Hu4Q4bIgYfvB93CGv4vaR28WpdH0ayVuD4xTg==",
      "license": "MIT",
      "dependencies": {
        "tslib": "2.8.1"
      },
      "peerDependencies": {
        "@angular/core": ">=13.0.0",
        "@messageformat/core": "^3.2.0",
        "@ngx-translate/core": "^14.0.0 || ^15.0.0 || ^16.0.0"
      }
    },
    "node_modules/rxjs": {
      "version": "7.8.2",
      "resolved": "https://registry.npmjs.org/rxjs/-/rxjs-7.8.2.tgz",
      "integrity": "sha512-dhKf903U/PQZY6boNNtAGdWbG85WAbjT/1xYoZIC7FAY0yWapOBQVsVrDl58W86//e1VpMNBtRV4MaXfdMySFA==",
      "license": "Apache-2.0",
      "peer": true,
      "dependencies": {
        "tslib": "^2.1.0"
      }
    },
    "node_modules/safe-identifier": {
      "version": "0.4.2",
      "resolved": "https://registry.npmjs.org/safe-identifier/-/safe-identifier-0.4.2.tgz",
      "integrity": "sha512-6pNbSMW6OhAi9j+N8V+U715yBQsaWJ7eyEUaOrawX+isg5ZxhUlV1NipNtgaKHmFGiABwt+ZF04Ii+3Xjkg+8w==",
      "license": "ISC",
      "peer": true
    },
    "node_modules/tslib": {
      "version": "2.8.1",
      "resolved": "https://registry.npmjs.org/tslib/-/tslib-2.8.1.tgz",
      "integrity": "sha512-oJFu94HQb+KVduSUQL7wnpmqnfmLsOA/nAh6b6EH0wCEoK0/mPeXU6c3wKDV83MkOuHPRHtSXKKU99IBazS/2w==",
      "license": "0BSD"
    }
  }
}
